
Microsoft Visual Studio Solution File, Format Version 12.00
# Visual Studio Version 16
VisualStudioVersion = 16.0.30002.166
MinimumVisualStudioVersion = 10.0.40219.1
Project("{FAE04EC0-301F-11D3-BF4B-00C04F79EFBC}") = "HW1", "HW1\HW1.csproj", "{6ABD04C4-2489-47C9-8159-F44FDDB4EF72}"
EndProject
Global
	GlobalSection(SolutionConfigurationPlatforms) = preSolution
		Debug|Any CPU = Debug|Any CPU
		Release|Any CPU = Release|Any CPU
	EndGlobalSection
	GlobalSection(ProjectConfigurationPlatforms) = postSolution
		{6ABD04C4-2489-47C9-8159-F44FDDB4EF72}.Debug|Any CPU.ActiveCfg = Debug|Any CPU
		{6ABD04C4-2489-47C9-8159-F44FDDB4EF72}.Debug|Any CPU.Build.0 = Debug|Any CPU
		{6ABD04C4-2489-47C9-8159-F44FDDB4EF72}.Release|Any CPU.ActiveCfg = Release|Any CPU
		{6ABD04C4-2489-47C9-8159-F44FDDB4EF72}.Release|Any CPU.Build.0 = Release|Any CPU
	EndGlobalSection
	GlobalSection(SolutionProperties) = preSolution
		HideSolutionNode = FALSE
	EndGlobalSection
	GlobalSection(ExtensibilityGlobals) = postSolution
		SolutionGuid = {604FDDC9-00B2-4F56-B05A-D6006BED77C3}
	EndGlobalSection
EndGlobal
