
Microsoft Visual Studio Solution File, Format Version 12.00
# Visual Studio Version 16
VisualStudioVersion = 16.0.29519.181
MinimumVisualStudioVersion = 10.0.40219.1
Project("{FAE04EC0-301F-11D3-BF4B-00C04F79EFBC}") = "ConsoleApp1", "ConsoleApp1\ConsoleApp1.csproj", "{76E30DB2-B1E8-4A6B-A885-7B161E9C2EED}"
EndProject
Global
	GlobalSection(SolutionConfigurationPlatforms) = preSolution
		Debug|Any CPU = Debug|Any CPU
		Release|Any CPU = Release|Any CPU
	EndGlobalSection
	GlobalSection(ProjectConfigurationPlatforms) = postSolution
		{76E30DB2-B1E8-4A6B-A885-7B161E9C2EED}.Debug|Any CPU.ActiveCfg = Debug|Any CPU
		{76E30DB2-B1E8-4A6B-A885-7B161E9C2EED}.Debug|Any CPU.Build.0 = Debug|Any CPU
		{76E30DB2-B1E8-4A6B-A885-7B161E9C2EED}.Release|Any CPU.ActiveCfg = Release|Any CPU
		{76E30DB2-B1E8-4A6B-A885-7B161E9C2EED}.Release|Any CPU.Build.0 = Release|Any CPU
	EndGlobalSection
	GlobalSection(SolutionProperties) = preSolution
		HideSolutionNode = FALSE
	EndGlobalSection
	GlobalSection(ExtensibilityGlobals) = postSolution
		SolutionGuid = {D07E41EB-DB4E-42F7-ABEF-87D0745DC810}
	EndGlobalSection
EndGlobal
